
Microsoft Visual Studio Solution File, Format Version 12.00
# Visual Studio Version 17
VisualStudioVersion = 17.1.32328.378
MinimumVisualStudioVersion = 10.0.40219.1
Project("{FAE04EC0-301F-11D3-BF4B-00C04F79EFBC}") = "StrategyPatternLiveDemo", "StrategyPatternLiveDemo\StrategyPatternLiveDemo.csproj", "{91CA2652-DD52-4D46-9CAA-CD169B96AD18}"
EndProject
Global
	GlobalSection(SolutionConfigurationPlatforms) = preSolution
		Debug|Any CPU = Debug|Any CPU
		Release|Any CPU = Release|Any CPU
	EndGlobalSection
	GlobalSection(ProjectConfigurationPlatforms) = postSolution
		{91CA2652-DD52-4D46-9CAA-CD169B96AD18}.Debug|Any CPU.ActiveCfg = Debug|Any CPU
		{91CA2652-DD52-4D46-9CAA-CD169B96AD18}.Debug|Any CPU.Build.0 = Debug|Any CPU
		{91CA2652-DD52-4D46-9CAA-CD169B96AD18}.Release|Any CPU.ActiveCfg = Release|Any CPU
		{91CA2652-DD52-4D46-9CAA-CD169B96AD18}.Release|Any CPU.Build.0 = Release|Any CPU
	EndGlobalSection
	GlobalSection(SolutionProperties) = preSolution
		HideSolutionNode = FALSE
	EndGlobalSection
	GlobalSection(ExtensibilityGlobals) = postSolution
		SolutionGuid = {E3D25907-7ACD-471A-86A3-9B9F17AEE30C}
	EndGlobalSection
EndGlobal
